
Microsoft Visual Studio Solution File, Format Version 12.00
# Visual Studio Version 17
VisualStudioVersion = 17.5.33516.290
MinimumVisualStudioVersion = 10.0.40219.1
Project("{FAE04EC0-301F-11D3-BF4B-00C04F79EFBC}") = "HR_AppEntityModel", "HR_AppEntityModel\HR_AppEntityModel.csproj", "{FE99C2FE-B290-462B-BD6E-9B8064434B93}"
EndProject
Global
	GlobalSection(SolutionConfigurationPlatforms) = preSolution
		Debug|Any CPU = Debug|Any CPU
		Release|Any CPU = Release|Any CPU
	EndGlobalSection
	GlobalSection(ProjectConfigurationPlatforms) = postSolution
		{FE99C2FE-B290-462B-BD6E-9B8064434B93}.Debug|Any CPU.ActiveCfg = Debug|Any CPU
		{FE99C2FE-B290-462B-BD6E-9B8064434B93}.Debug|Any CPU.Build.0 = Debug|Any CPU
		{FE99C2FE-B290-462B-BD6E-9B8064434B93}.Release|Any CPU.ActiveCfg = Release|Any CPU
		{FE99C2FE-B290-462B-BD6E-9B8064434B93}.Release|Any CPU.Build.0 = Release|Any CPU
	EndGlobalSection
	GlobalSection(SolutionProperties) = preSolution
		HideSolutionNode = FALSE
	EndGlobalSection
	GlobalSection(ExtensibilityGlobals) = postSolution
		SolutionGuid = {228B7764-9CC8-471B-B3F1-A5C05CF5C930}
	EndGlobalSection
EndGlobal
